
Microsoft Visual Studio Solution File, Format Version 12.00
# Visual Studio Version 17
VisualStudioVersion = 17.0.31903.59
MinimumVisualStudioVersion = 10.0.40219.1
Project("{2150E333-8FDC-42A3-9474-1A3956D46DE8}") = "settings", "settings", "{08C47D16-791E-4023-AC06-AF579A19816B}"
EndProject
Project("{9A19103F-16F7-4668-BE54-9A1E7A4F7556}") = "OpenSettings.AspNetCore", "..\src\OpenSettings.AspNetCore\OpenSettings.AspNetCore.csproj", "{0E81A142-34D3-4BF9-A88D-822894FD224F}"
EndProject
Project("{9A19103F-16F7-4668-BE54-9A1E7A4F7556}") = "OpenSettings.AspNetCore.Spa", "..\src\OpenSettings.AspNetCore.Spa\OpenSettings.AspNetCore.Spa.csproj", "{D81735C7-9B5F-4B72-A95E-D4D8194175B8}"
EndProject
Project("{9A19103F-16F7-4668-BE54-9A1E7A4F7556}") = "OpenSettings", "..\src\OpenSettings\OpenSettings.csproj", "{4E823940-C407-4488-B337-45FFA7084032}"
EndProject
Project("{FAE04EC0-301F-11D3-BF4B-00C04F79EFBC}") = "Consumer.Api", "Consumer.Api\Consumer.Api.csproj", "{86775D18-A0E4-49DD-9063-47944331ABCB}"
EndProject
Global
	GlobalSection(SolutionConfigurationPlatforms) = preSolution
		Debug|Any CPU = Debug|Any CPU
		Release|Any CPU = Release|Any CPU
	EndGlobalSection
	GlobalSection(ProjectConfigurationPlatforms) = postSolution
		{0E81A142-34D3-4BF9-A88D-822894FD224F}.Debug|Any CPU.ActiveCfg = Debug|Any CPU
		{0E81A142-34D3-4BF9-A88D-822894FD224F}.Debug|Any CPU.Build.0 = Debug|Any CPU
		{0E81A142-34D3-4BF9-A88D-822894FD224F}.Release|Any CPU.ActiveCfg = Release|Any CPU
		{0E81A142-34D3-4BF9-A88D-822894FD224F}.Release|Any CPU.Build.0 = Release|Any CPU
		{D81735C7-9B5F-4B72-A95E-D4D8194175B8}.Debug|Any CPU.ActiveCfg = Debug|Any CPU
		{D81735C7-9B5F-4B72-A95E-D4D8194175B8}.Debug|Any CPU.Build.0 = Debug|Any CPU
		{D81735C7-9B5F-4B72-A95E-D4D8194175B8}.Release|Any CPU.ActiveCfg = Release|Any CPU
		{D81735C7-9B5F-4B72-A95E-D4D8194175B8}.Release|Any CPU.Build.0 = Release|Any CPU
		{4E823940-C407-4488-B337-45FFA7084032}.Debug|Any CPU.ActiveCfg = Debug|Any CPU
		{4E823940-C407-4488-B337-45FFA7084032}.Debug|Any CPU.Build.0 = Debug|Any CPU
		{4E823940-C407-4488-B337-45FFA7084032}.Release|Any CPU.ActiveCfg = Release|Any CPU
		{4E823940-C407-4488-B337-45FFA7084032}.Release|Any CPU.Build.0 = Release|Any CPU
		{86775D18-A0E4-49DD-9063-47944331ABCB}.Debug|Any CPU.ActiveCfg = Debug|Any CPU
		{86775D18-A0E4-49DD-9063-47944331ABCB}.Debug|Any CPU.Build.0 = Debug|Any CPU
		{86775D18-A0E4-49DD-9063-47944331ABCB}.Release|Any CPU.ActiveCfg = Release|Any CPU
		{86775D18-A0E4-49DD-9063-47944331ABCB}.Release|Any CPU.Build.0 = Release|Any CPU
	EndGlobalSection
	GlobalSection(SolutionProperties) = preSolution
		HideSolutionNode = FALSE
	EndGlobalSection
	GlobalSection(NestedProjects) = preSolution
		{0E81A142-34D3-4BF9-A88D-822894FD224F} = {08C47D16-791E-4023-AC06-AF579A19816B}
		{D81735C7-9B5F-4B72-A95E-D4D8194175B8} = {08C47D16-791E-4023-AC06-AF579A19816B}
		{4E823940-C407-4488-B337-45FFA7084032} = {08C47D16-791E-4023-AC06-AF579A19816B}
	EndGlobalSection
	GlobalSection(ExtensibilityGlobals) = postSolution
		SolutionGuid = {5507F3F2-A60C-4CBA-9B88-34E68B73BE6A}
	EndGlobalSection
EndGlobal
